<Solution>
  <Project Path="../../../../../source/repos/Ecommerce_DBFirst/Ecommerce.Api/Ecommerce.Api.csproj" />
  <Project Path="../../../../../source/repos/Ecommerce_DBFirst/Ecommerce_DBFirst/Ecommerce_DBFirst.csproj" />
  <Project Path="Ecommerce_DBFirst.UnitTests/Ecommerce_DBFirst.UnitTests.csproj" Id="73a38720-63dd-4140-bfb3-429835ef94b7" />
</Solution>
